// !$*UTF8*$!
{
	archiveVersion = 1;
	classes = {
	};
	objectVersion = 50;
	objects = {

/* Begin PBXBuildFile section */
		8A146A7C22450BAF00987A12 /* Image.swift in Sources */ = {isa = PBXBuildFile; fileRef = 8A146A7B22450BAF00987A12 /* Image.swift */; };
		8A305D88224AD5880026BE33 /* DetailCoinZoomViewController.swift in Sources */ = {isa = PBXBuildFile; fileRef = 8A305D87224AD5880026BE33 /* DetailCoinZoomViewController.swift */; };
		8A669FC2223D3D3A005423EB /* AppDelegate.swift in Sources */ = {isa = PBXBuildFile; fileRef = 8A669FC1223D3D3A005423EB /* AppDelegate.swift */; };
		8A669FC7223D3D3A005423EB /* Main.storyboard in Resources */ = {isa = PBXBuildFile; fileRef = 8A669FC5223D3D3A005423EB /* Main.storyboard */; };
		8A669FC9223D3D3C005423EB /* Assets.xcassets in Resources */ = {isa = PBXBuildFile; fileRef = 8A669FC8223D3D3C005423EB /* Assets.xcassets */; };
		8A669FCC223D3D3D005423EB /* LaunchScreen.storyboard in Resources */ = {isa = PBXBuildFile; fileRef = 8A669FCA223D3D3D005423EB /* LaunchScreen.storyboard */; };
		8A669FD7223D41CC005423EB /* Country.swift in Sources */ = {isa = PBXBuildFile; fileRef = 8A669FD6223D41CC005423EB /* Country.swift */; };
		8A669FDA223D4208005423EB /* Coin.swift in Sources */ = {isa = PBXBuildFile; fileRef = 8A669FD9223D4208005423EB /* Coin.swift */; };
		8A669FDC223D4234005423EB /* CoinStore.swift in Sources */ = {isa = PBXBuildFile; fileRef = 8A669FDB223D4234005423EB /* CoinStore.swift */; };
		8A669FDE223D4271005423EB /* BaseOfCoinCountry.json in Resources */ = {isa = PBXBuildFile; fileRef = 8A669FDD223D4271005423EB /* BaseOfCoinCountry.json */; };
		8A669FEE223E64BA005423EB /* CoinsCollectionViewCell.swift in Sources */ = {isa = PBXBuildFile; fileRef = 8A669FEA223E64BA005423EB /* CoinsCollectionViewCell.swift */; };
		8A669FEF223E64BA005423EB /* FlagsCollectionViewCell.swift in Sources */ = {isa = PBXBuildFile; fileRef = 8A669FEB223E64BA005423EB /* FlagsCollectionViewCell.swift */; };
		8A669FF0223E64BA005423EB /* CoinsCollectionViewCell.xib in Resources */ = {isa = PBXBuildFile; fileRef = 8A669FEC223E64BA005423EB /* CoinsCollectionViewCell.xib */; };
		8A669FF1223E64BA005423EB /* FlagsCollectionViewCell.xib in Resources */ = {isa = PBXBuildFile; fileRef = 8A669FED223E64BA005423EB /* FlagsCollectionViewCell.xib */; };
		8A669FF4223E64E7005423EB /* FlagsViewController.swift in Sources */ = {isa = PBXBuildFile; fileRef = 8A669FF2223E64E7005423EB /* FlagsViewController.swift */; };
		8A669FF5223E64E7005423EB /* CoinsViewController.swift in Sources */ = {isa = PBXBuildFile; fileRef = 8A669FF3223E64E7005423EB /* CoinsViewController.swift */; };
		8A669FF7223E7171005423EB /* BlackNavigationController.swift in Sources */ = {isa = PBXBuildFile; fileRef = 8A669FF6223E7171005423EB /* BlackNavigationController.swift */; };
		8A669FF9223EBDBB005423EB /* LogInViewController.swift in Sources */ = {isa = PBXBuildFile; fileRef = 8A669FF8223EBDBB005423EB /* LogInViewController.swift */; };
		8A669FFB223EBDC7005423EB /* RegisterViewController.swift in Sources */ = {isa = PBXBuildFile; fileRef = 8A669FFA223EBDC7005423EB /* RegisterViewController.swift */; };
		8A669FFF223EE42C005423EB /* DetailViewController.swift in Sources */ = {isa = PBXBuildFile; fileRef = 8A669FFE223EE42C005423EB /* DetailViewController.swift */; };
		8A66A003223EE9EE005423EB /* DetailHeaderView.swift in Sources */ = {isa = PBXBuildFile; fileRef = 8A66A002223EE9EE005423EB /* DetailHeaderView.swift */; };
		8A66A005223EEDC9005423EB /* NameCell.swift in Sources */ = {isa = PBXBuildFile; fileRef = 8A66A004223EEDC9005423EB /* NameCell.swift */; };
		8A6E0AA7225739B200339B9D /* SettingsTableViewController.swift in Sources */ = {isa = PBXBuildFile; fileRef = 8A6E0AA6225739B200339B9D /* SettingsTableViewController.swift */; };
		8A6E0AAA22573BCB00339B9D /* VersionTableViewCell.swift in Sources */ = {isa = PBXBuildFile; fileRef = 8A6E0AA922573BCA00339B9D /* VersionTableViewCell.swift */; };
		8A8939AC22403E23008F5A2D /* YearCell.swift in Sources */ = {isa = PBXBuildFile; fileRef = 8A8939AB22403E23008F5A2D /* YearCell.swift */; };
		8A8939AE22403FE0008F5A2D /* DesignerCell.swift in Sources */ = {isa = PBXBuildFile; fileRef = 8A8939AD22403FE0008F5A2D /* DesignerCell.swift */; };
		8A8939B1224041F8008F5A2D /* MintCell.swift in Sources */ = {isa = PBXBuildFile; fileRef = 8A8939B0224041F8008F5A2D /* MintCell.swift */; };
		8A8939B32240424F008F5A2D /* MaterialCell.swift in Sources */ = {isa = PBXBuildFile; fileRef = 8A8939B22240424F008F5A2D /* MaterialCell.swift */; };
		8A8939B5224042A1008F5A2D /* WeightCell.swift in Sources */ = {isa = PBXBuildFile; fileRef = 8A8939B4224042A1008F5A2D /* WeightCell.swift */; };
		8A8939B7224042FB008F5A2D /* DiameterCell.swift in Sources */ = {isa = PBXBuildFile; fileRef = 8A8939B6224042FB008F5A2D /* DiameterCell.swift */; };
		8A8939B922404361008F5A2D /* ThicknessCell.swift in Sources */ = {isa = PBXBuildFile; fileRef = 8A8939B822404361008F5A2D /* ThicknessCell.swift */; };
		8A8939BB224043B3008F5A2D /* HerdCell.swift in Sources */ = {isa = PBXBuildFile; fileRef = 8A8939BA224043B3008F5A2D /* HerdCell.swift */; };
		8A8939BD2240440A008F5A2D /* DescriptionCell.swift in Sources */ = {isa = PBXBuildFile; fileRef = 8A8939BC2240440A008F5A2D /* DescriptionCell.swift */; };
/* End PBXBuildFile section */

/* Begin PBXFileReference section */
		8A146A7B22450BAF00987A12 /* Image.swift */ = {isa = PBXFileReference; fileEncoding = 4; lastKnownFileType = sourcecode.swift; path = Image.swift; sourceTree = "<group>"; };
		8A305D87224AD5880026BE33 /* DetailCoinZoomViewController.swift */ = {isa = PBXFileReference; lastKnownFileType = sourcecode.swift; path = DetailCoinZoomViewController.swift; sourceTree = "<group>"; };
		8A669FBE223D3D3A005423EB /* Euro_Coins_Hunter.app */ = {isa = PBXFileReference; explicitFileType = wrapper.application; includeInIndex = 0; path = Euro_Coins_Hunter.app; sourceTree = BUILT_PRODUCTS_DIR; };
		8A669FC1223D3D3A005423EB /* AppDelegate.swift */ = {isa = PBXFileReference; lastKnownFileType = sourcecode.swift; path = AppDelegate.swift; sourceTree = "<group>"; };
		8A669FC6223D3D3A005423EB /* Base */ = {isa = PBXFileReference; lastKnownFileType = file.storyboard; name = Base; path = Base.lproj/Main.storyboard; sourceTree = "<group>"; };
		8A669FC8223D3D3C005423EB /* Assets.xcassets */ = {isa = PBXFileReference; lastKnownFileType = folder.assetcatalog; path = Assets.xcassets; sourceTree = "<group>"; };
		8A669FCB223D3D3D005423EB /* Base */ = {isa = PBXFileReference; lastKnownFileType = file.storyboard; name = Base; path = Base.lproj/LaunchScreen.storyboard; sourceTree = "<group>"; };
		8A669FCD223D3D3D005423EB /* Info.plist */ = {isa = PBXFileReference; lastKnownFileType = text.plist.xml; path = Info.plist; sourceTree = "<group>"; };
		8A669FD6223D41CC005423EB /* Country.swift */ = {isa = PBXFileReference; lastKnownFileType = sourcecode.swift; path = Country.swift; sourceTree = "<group>"; };
		8A669FD9223D4208005423EB /* Coin.swift */ = {isa = PBXFileReference; lastKnownFileType = sourcecode.swift; path = Coin.swift; sourceTree = "<group>"; };
		8A669FDB223D4234005423EB /* CoinStore.swift */ = {isa = PBXFileReference; lastKnownFileType = sourcecode.swift; path = CoinStore.swift; sourceTree = "<group>"; };
		8A669FDD223D4271005423EB /* BaseOfCoinCountry.json */ = {isa = PBXFileReference; fileEncoding = 4; lastKnownFileType = text.json; path = BaseOfCoinCountry.json; sourceTree = "<group>"; };
		8A669FEA223E64BA005423EB /* CoinsCollectionViewCell.swift */ = {isa = PBXFileReference; fileEncoding = 4; lastKnownFileType = sourcecode.swift; path = CoinsCollectionViewCell.swift; sourceTree = "<group>"; };
		8A669FEB223E64BA005423EB /* FlagsCollectionViewCell.swift */ = {isa = PBXFileReference; fileEncoding = 4; lastKnownFileType = sourcecode.swift; path = FlagsCollectionViewCell.swift; sourceTree = "<group>"; };
		8A669FEC223E64BA005423EB /* CoinsCollectionViewCell.xib */ = {isa = PBXFileReference; fileEncoding = 4; lastKnownFileType = file.xib; path = CoinsCollectionViewCell.xib; sourceTree = "<group>"; };
		8A669FED223E64BA005423EB /* FlagsCollectionViewCell.xib */ = {isa = PBXFileReference; fileEncoding = 4; lastKnownFileType = file.xib; path = FlagsCollectionViewCell.xib; sourceTree = "<group>"; };
		8A669FF2223E64E7005423EB /* FlagsViewController.swift */ = {isa = PBXFileReference; fileEncoding = 4; lastKnownFileType = sourcecode.swift; path = FlagsViewController.swift; sourceTree = "<group>"; };
		8A669FF3223E64E7005423EB /* CoinsViewController.swift */ = {isa = PBXFileReference; fileEncoding = 4; lastKnownFileType = sourcecode.swift; path = CoinsViewController.swift; sourceTree = "<group>"; };
		8A669FF6223E7171005423EB /* BlackNavigationController.swift */ = {isa = PBXFileReference; fileEncoding = 4; lastKnownFileType = sourcecode.swift; path = BlackNavigationController.swift; sourceTree = "<group>"; };
		8A669FF8223EBDBB005423EB /* LogInViewController.swift */ = {isa = PBXFileReference; fileEncoding = 4; lastKnownFileType = sourcecode.swift; path = LogInViewController.swift; sourceTree = "<group>"; };
		8A669FFA223EBDC7005423EB /* RegisterViewController.swift */ = {isa = PBXFileReference; fileEncoding = 4; lastKnownFileType = sourcecode.swift; path = RegisterViewController.swift; sourceTree = "<group>"; };
		8A669FFE223EE42C005423EB /* DetailViewController.swift */ = {isa = PBXFileReference; lastKnownFileType = sourcecode.swift; path = DetailViewController.swift; sourceTree = "<group>"; };
		8A66A002223EE9EE005423EB /* DetailHeaderView.swift */ = {isa = PBXFileReference; lastKnownFileType = sourcecode.swift; path = DetailHeaderView.swift; sourceTree = "<group>"; };
		8A66A004223EEDC9005423EB /* NameCell.swift */ = {isa = PBXFileReference; lastKnownFileType = sourcecode.swift; path = NameCell.swift; sourceTree = "<group>"; };
		8A6E0AA6225739B200339B9D /* SettingsTableViewController.swift */ = {isa = PBXFileReference; lastKnownFileType = sourcecode.swift; path = SettingsTableViewController.swift; sourceTree = "<group>"; };
		8A6E0AA922573BCA00339B9D /* VersionTableViewCell.swift */ = {isa = PBXFileReference; lastKnownFileType = sourcecode.swift; path = VersionTableViewCell.swift; sourceTree = "<group>"; };
		8A8939AB22403E23008F5A2D /* YearCell.swift */ = {isa = PBXFileReference; lastKnownFileType = sourcecode.swift; path = YearCell.swift; sourceTree = "<group>"; };
		8A8939AD22403FE0008F5A2D /* DesignerCell.swift */ = {isa = PBXFileReference; lastKnownFileType = sourcecode.swift; path = DesignerCell.swift; sourceTree = "<group>"; };
		8A8939B0224041F8008F5A2D /* MintCell.swift */ = {isa = PBXFileReference; lastKnownFileType = sourcecode.swift; path = MintCell.swift; sourceTree = "<group>"; };
		8A8939B22240424F008F5A2D /* MaterialCell.swift */ = {isa = PBXFileReference; lastKnownFileType = sourcecode.swift; path = MaterialCell.swift; sourceTree = "<group>"; };
		8A8939B4224042A1008F5A2D /* WeightCell.swift */ = {isa = PBXFileReference; lastKnownFileType = sourcecode.swift; path = WeightCell.swift; sourceTree = "<group>"; };
		8A8939B6224042FB008F5A2D /* DiameterCell.swift */ = {isa = PBXFileReference; lastKnownFileType = sourcecode.swift; path = DiameterCell.swift; sourceTree = "<group>"; };
		8A8939B822404361008F5A2D /* ThicknessCell.swift */ = {isa = PBXFileReference; lastKnownFileType = sourcecode.swift; path = ThicknessCell.swift; sourceTree = "<group>"; };
		8A8939BA224043B3008F5A2D /* HerdCell.swift */ = {isa = PBXFileReference; lastKnownFileType = sourcecode.swift; path = HerdCell.swift; sourceTree = "<group>"; };
		8A8939BC2240440A008F5A2D /* DescriptionCell.swift */ = {isa = PBXFileReference; lastKnownFileType = sourcecode.swift; path = DescriptionCell.swift; sourceTree = "<group>"; };
/* End PBXFileReference section */

/* Begin PBXFrameworksBuildPhase section */
		8A669FBB223D3D3A005423EB /* Frameworks */ = {
			isa = PBXFrameworksBuildPhase;
			buildActionMask = 2147483647;
			files = (
			);
			runOnlyForDeploymentPostprocessing = 0;
		};
/* End PBXFrameworksBuildPhase section */

/* Begin PBXGroup section */
		8A669FB5223D3D3A005423EB = {
			isa = PBXGroup;
			children = (
				8A669FC0223D3D3A005423EB /* Euro_Coins_Hunter */,
				8A669FBF223D3D3A005423EB /* Products */,
			);
			sourceTree = "<group>";
		};
		8A669FBF223D3D3A005423EB /* Products */ = {
			isa = PBXGroup;
			children = (
				8A669FBE223D3D3A005423EB /* Euro_Coins_Hunter.app */,
			);
			name = Products;
			sourceTree = "<group>";
		};
		8A669FC0223D3D3A005423EB /* Euro_Coins_Hunter */ = {
			isa = PBXGroup;
			children = (
				8A669FC1223D3D3A005423EB /* AppDelegate.swift */,
				8A669FC5223D3D3A005423EB /* Main.storyboard */,
				8A669FD8223D41E4005423EB /* Model */,
				8A669FE1223D431A005423EB /* View */,
				8A669FD5223D3FE3005423EB /* Controller */,
				8A669FC8223D3D3C005423EB /* Assets.xcassets */,
				8A146A7B22450BAF00987A12 /* Image.swift */,
				8A669FCA223D3D3D005423EB /* LaunchScreen.storyboard */,
				8A669FCD223D3D3D005423EB /* Info.plist */,
				8A669FDD223D4271005423EB /* BaseOfCoinCountry.json */,
			);
			path = Euro_Coins_Hunter;
			sourceTree = "<group>";
		};
		8A669FD5223D3FE3005423EB /* Controller */ = {
			isa = PBXGroup;
			children = (
				8A669FF3223E64E7005423EB /* CoinsViewController.swift */,
				8A669FF2223E64E7005423EB /* FlagsViewController.swift */,
				8A669FF6223E7171005423EB /* BlackNavigationController.swift */,
				8A669FF8223EBDBB005423EB /* LogInViewController.swift */,
				8A669FFA223EBDC7005423EB /* RegisterViewController.swift */,
				8A669FFE223EE42C005423EB /* DetailViewController.swift */,
				8A305D87224AD5880026BE33 /* DetailCoinZoomViewController.swift */,
				8A6E0AA822573A0800339B9D /* Settings, Info, About */,
			);
			path = Controller;
			sourceTree = "<group>";
		};
		8A669FD8223D41E4005423EB /* Model */ = {
			isa = PBXGroup;
			children = (
				8A669FD6223D41CC005423EB /* Country.swift */,
				8A669FD9223D4208005423EB /* Coin.swift */,
				8A669FDB223D4234005423EB /* CoinStore.swift */,
			);
			path = Model;
			sourceTree = "<group>";
		};
		8A669FE1223D431A005423EB /* View */ = {
			isa = PBXGroup;
			children = (
				8A669FEA223E64BA005423EB /* CoinsCollectionViewCell.swift */,
				8A669FEC223E64BA005423EB /* CoinsCollectionViewCell.xib */,
				8A669FEB223E64BA005423EB /* FlagsCollectionViewCell.swift */,
				8A669FED223E64BA005423EB /* FlagsCollectionViewCell.xib */,
				8A8939AF22403FF1008F5A2D /* Detail */,
				8A6E0AAB22573BD000339B9D /* Settings */,
			);
			path = View;
			sourceTree = "<group>";
		};
		8A6E0AA822573A0800339B9D /* Settings, Info, About */ = {
			isa = PBXGroup;
			children = (
				8A6E0AA6225739B200339B9D /* SettingsTableViewController.swift */,
			);
			path = "Settings, Info, About";
			sourceTree = "<group>";
		};
		8A6E0AAB22573BD000339B9D /* Settings */ = {
			isa = PBXGroup;
			children = (
				8A6E0AA922573BCA00339B9D /* VersionTableViewCell.swift */,
			);
			path = Settings;
			sourceTree = "<group>";
		};
		8A8939AF22403FF1008F5A2D /* Detail */ = {
			isa = PBXGroup;
			children = (
				8A66A002223EE9EE005423EB /* DetailHeaderView.swift */,
				8A66A004223EEDC9005423EB /* NameCell.swift */,
				8A8939AB22403E23008F5A2D /* YearCell.swift */,
				8A8939AD22403FE0008F5A2D /* DesignerCell.swift */,
				8A8939B0224041F8008F5A2D /* MintCell.swift */,
				8A8939B22240424F008F5A2D /* MaterialCell.swift */,
				8A8939B4224042A1008F5A2D /* WeightCell.swift */,
				8A8939B6224042FB008F5A2D /* DiameterCell.swift */,
				8A8939B822404361008F5A2D /* ThicknessCell.swift */,
				8A8939BA224043B3008F5A2D /* HerdCell.swift */,
				8A8939BC2240440A008F5A2D /* DescriptionCell.swift */,
			);
			path = Detail;
			sourceTree = "<group>";
		};
/* End PBXGroup section */

/* Begin PBXNativeTarget section */
		8A669FBD223D3D3A005423EB /* Euro_Coins_Hunter */ = {
			isa = PBXNativeTarget;
			buildConfigurationList = 8A669FD0223D3D3D005423EB /* Build configuration list for PBXNativeTarget "Euro_Coins_Hunter" */;
			buildPhases = (
				8A669FBA223D3D3A005423EB /* Sources */,
				8A669FBB223D3D3A005423EB /* Frameworks */,
				8A669FBC223D3D3A005423EB /* Resources */,
			);
			buildRules = (
			);
			dependencies = (
			);
			name = Euro_Coins_Hunter;
			productName = Euro_Coins_Hunter;
			productReference = 8A669FBE223D3D3A005423EB /* Euro_Coins_Hunter.app */;
			productType = "com.apple.product-type.application";
		};
/* End PBXNativeTarget section */

/* Begin PBXProject section */
		8A669FB6223D3D3A005423EB /* Project object */ = {
			isa = PBXProject;
			attributes = {
				LastSwiftUpdateCheck = 1010;
				LastUpgradeCheck = 1010;
				ORGANIZATIONNAME = "Stanislav Cherkasov";
				TargetAttributes = {
					8A669FBD223D3D3A005423EB = {
						CreatedOnToolsVersion = 10.1;
					};
				};
			};
			buildConfigurationList = 8A669FB9223D3D3A005423EB /* Build configuration list for PBXProject "Euro_Coins_Hunter" */;
			compatibilityVersion = "Xcode 9.3";
			developmentRegion = en;
			hasScannedForEncodings = 0;
			knownRegions = (
				en,
				Base,
			);
			mainGroup = 8A669FB5223D3D3A005423EB;
			productRefGroup = 8A669FBF223D3D3A005423EB /* Products */;
			projectDirPath = "";
			projectRoot = "";
			targets = (
				8A669FBD223D3D3A005423EB /* Euro_Coins_Hunter */,
			);
		};
/* End PBXProject section */

/* Begin PBXResourcesBuildPhase section */
		8A669FBC223D3D3A005423EB /* Resources */ = {
			isa = PBXResourcesBuildPhase;
			buildActionMask = 2147483647;
			files = (
				8A669FF1223E64BA005423EB /* FlagsCollectionViewCell.xib in Resources */,
				8A669FCC223D3D3D005423EB /* LaunchScreen.storyboard in Resources */,
				8A669FDE223D4271005423EB /* BaseOfCoinCountry.json in Resources */,
				8A669FF0223E64BA005423EB /* CoinsCollectionViewCell.xib in Resources */,
				8A669FC9223D3D3C005423EB /* Assets.xcassets in Resources */,
				8A669FC7223D3D3A005423EB /* Main.storyboard in Resources */,
			);
			runOnlyForDeploymentPostprocessing = 0;
		};
/* End PBXResourcesBuildPhase section */

/* Begin PBXSourcesBuildPhase section */
		8A669FBA223D3D3A005423EB /* Sources */ = {
			isa = PBXSourcesBuildPhase;
			buildActionMask = 2147483647;
			files = (
				8A8939B7224042FB008F5A2D /* DiameterCell.swift in Sources */,
				8A146A7C22450BAF00987A12 /* Image.swift in Sources */,
				8A669FEE223E64BA005423EB /* CoinsCollectionViewCell.swift in Sources */,
				8A8939B5224042A1008F5A2D /* WeightCell.swift in Sources */,
				8A669FFB223EBDC7005423EB /* RegisterViewController.swift in Sources */,
				8A8939B32240424F008F5A2D /* MaterialCell.swift in Sources */,
				8A8939B922404361008F5A2D /* ThicknessCell.swift in Sources */,
				8A669FF5223E64E7005423EB /* CoinsViewController.swift in Sources */,
				8A669FFF223EE42C005423EB /* DetailViewController.swift in Sources */,
				8A8939BD2240440A008F5A2D /* DescriptionCell.swift in Sources */,
				8A669FDC223D4234005423EB /* CoinStore.swift in Sources */,
				8A669FD7223D41CC005423EB /* Country.swift in Sources */,
				8A8939B1224041F8008F5A2D /* MintCell.swift in Sources */,
				8A66A005223EEDC9005423EB /* NameCell.swift in Sources */,
				8A6E0AA7225739B200339B9D /* SettingsTableViewController.swift in Sources */,
				8A669FF7223E7171005423EB /* BlackNavigationController.swift in Sources */,
				8A669FF4223E64E7005423EB /* FlagsViewController.swift in Sources */,
				8A669FDA223D4208005423EB /* Coin.swift in Sources */,
				8A669FC2223D3D3A005423EB /* AppDelegate.swift in Sources */,
				8A8939BB224043B3008F5A2D /* HerdCell.swift in Sources */,
				8A66A003223EE9EE005423EB /* DetailHeaderView.swift in Sources */,
				8A669FF9223EBDBB005423EB /* LogInViewController.swift in Sources */,
				8A669FEF223E64BA005423EB /* FlagsCollectionViewCell.swift in Sources */,
				8A305D88224AD5880026BE33 /* DetailCoinZoomViewController.swift in Sources */,
				8A8939AE22403FE0008F5A2D /* DesignerCell.swift in Sources */,
				8A6E0AAA22573BCB00339B9D /* VersionTableViewCell.swift in Sources */,
				8A8939AC22403E23008F5A2D /* YearCell.swift in Sources */,
			);
			runOnlyForDeploymentPostprocessing = 0;
		};
/* End PBXSourcesBuildPhase section */

/* Begin PBXVariantGroup section */
		8A669FC5223D3D3A005423EB /* Main.storyboard */ = {
			isa = PBXVariantGroup;
			children = (
				8A669FC6223D3D3A005423EB /* Base */,
			);
			name = Main.storyboard;
			sourceTree = "<group>";
		};
		8A669FCA223D3D3D005423EB /* LaunchScreen.storyboard */ = {
			isa = PBXVariantGroup;
			children = (
				8A669FCB223D3D3D005423EB /* Base */,
			);
			name = LaunchScreen.storyboard;
			sourceTree = "<group>";
		};
/* End PBXVariantGroup section */

/* Begin XCBuildConfiguration section */
		8A669FCE223D3D3D005423EB /* Debug */ = {
			isa = XCBuildConfiguration;
			buildSettings = {
				ALWAYS_SEARCH_USER_PATHS = NO;
				CLANG_ANALYZER_NONNULL = YES;
				CLANG_ANALYZER_NUMBER_OBJECT_CONVERSION = YES_AGGRESSIVE;
				CLANG_CXX_LANGUAGE_STANDARD = "gnu++14";
				CLANG_CXX_LIBRARY = "libc++";
				CLANG_ENABLE_MODULES = YES;
				CLANG_ENABLE_OBJC_ARC = YES;
				CLANG_ENABLE_OBJC_WEAK = YES;
				CLANG_WARN_BLOCK_CAPTURE_AUTORELEASING = YES;
				CLANG_WARN_BOOL_CONVERSION = YES;
				CLANG_WARN_COMMA = YES;
				CLANG_WARN_CONSTANT_CONVERSION = YES;
				CLANG_WARN_DEPRECATED_OBJC_IMPLEMENTATIONS = YES;
				CLANG_WARN_DIRECT_OBJC_ISA_USAGE = YES_ERROR;
				CLANG_WARN_DOCUMENTATION_COMMENTS = YES;
				CLANG_WARN_EMPTY_BODY = YES;
				CLANG_WARN_ENUM_CONVERSION = YES;
				CLANG_WARN_INFINITE_RECURSION = YES;
				CLANG_WARN_INT_CONVERSION = YES;
				CLANG_WARN_NON_LITERAL_NULL_CONVERSION = YES;
				CLANG_WARN_OBJC_IMPLICIT_RETAIN_SELF = YES;
				CLANG_WARN_OBJC_LITERAL_CONVERSION = YES;
				CLANG_WARN_OBJC_ROOT_CLASS = YES_ERROR;
				CLANG_WARN_RANGE_LOOP_ANALYSIS = YES;
				CLANG_WARN_STRICT_PROTOTYPES = YES;
				CLANG_WARN_SUSPICIOUS_MOVE = YES;
				CLANG_WARN_UNGUARDED_AVAILABILITY = YES_AGGRESSIVE;
				CLANG_WARN_UNREACHABLE_CODE = YES;
				CLANG_WARN__DUPLICATE_METHOD_MATCH = YES;
				CODE_SIGN_IDENTITY = "iPhone Developer";
				COPY_PHASE_STRIP = NO;
				DEBUG_INFORMATION_FORMAT = dwarf;
				ENABLE_STRICT_OBJC_MSGSEND = YES;
				ENABLE_TESTABILITY = YES;
				GCC_C_LANGUAGE_STANDARD = gnu11;
				GCC_DYNAMIC_NO_PIC = NO;
				GCC_NO_COMMON_BLOCKS = YES;
				GCC_OPTIMIZATION_LEVEL = 0;
				GCC_PREPROCESSOR_DEFINITIONS = (
					"DEBUG=1",
					"$(inherited)",
				);
				GCC_WARN_64_TO_32_BIT_CONVERSION = YES;
				GCC_WARN_ABOUT_RETURN_TYPE = YES_ERROR;
				GCC_WARN_UNDECLARED_SELECTOR = YES;
				GCC_WARN_UNINITIALIZED_AUTOS = YES_AGGRESSIVE;
				GCC_WARN_UNUSED_FUNCTION = YES;
				GCC_WARN_UNUSED_VARIABLE = YES;
				IPHONEOS_DEPLOYMENT_TARGET = 12.1;
				MTL_ENABLE_DEBUG_INFO = INCLUDE_SOURCE;
				MTL_FAST_MATH = YES;
				ONLY_ACTIVE_ARCH = YES;
				SDKROOT = iphoneos;
				SWIFT_ACTIVE_COMPILATION_CONDITIONS = DEBUG;
				SWIFT_OPTIMIZATION_LEVEL = "-Onone";
			};
			name = Debug;
		};
		8A669FCF223D3D3D005423EB /* Release */ = {
			isa = XCBuildConfiguration;
			buildSettings = {
				ALWAYS_SEARCH_USER_PATHS = NO;
				CLANG_ANALYZER_NONNULL = YES;
				CLANG_ANALYZER_NUMBER_OBJECT_CONVERSION = YES_AGGRESSIVE;
				CLANG_CXX_LANGUAGE_STANDARD = "gnu++14";
				CLANG_CXX_LIBRARY = "libc++";
				CLANG_ENABLE_MODULES = YES;
				CLANG_ENABLE_OBJC_ARC = YES;
				CLANG_ENABLE_OBJC_WEAK = YES;
				CLANG_WARN_BLOCK_CAPTURE_AUTORELEASING = YES;
				CLANG_WARN_BOOL_CONVERSION = YES;
				CLANG_WARN_COMMA = YES;
				CLANG_WARN_CONSTANT_CONVERSION = YES;
				CLANG_WARN_DEPRECATED_OBJC_IMPLEMENTATIONS = YES;
				CLANG_WARN_DIRECT_OBJC_ISA_USAGE = YES_ERROR;
				CLANG_WARN_DOCUMENTATION_COMMENTS = YES;
				CLANG_WARN_EMPTY_BODY = YES;
				CLANG_WARN_ENUM_CONVERSION = YES;
				CLANG_WARN_INFINITE_RECURSION = YES;
				CLANG_WARN_INT_CONVERSION = YES;
				CLANG_WARN_NON_LITERAL_NULL_CONVERSION = YES;
				CLANG_WARN_OBJC_IMPLICIT_RETAIN_SELF = YES;
				CLANG_WARN_OBJC_LITERAL_CONVERSION = YES;
				CLANG_WARN_OBJC_ROOT_CLASS = YES_ERROR;
				CLANG_WARN_RANGE_LOOP_ANALYSIS = YES;
				CLANG_WARN_STRICT_PROTOTYPES = YES;
				CLANG_WARN_SUSPICIOUS_MOVE = YES;
				CLANG_WARN_UNGUARDED_AVAILABILITY = YES_AGGRESSIVE;
				CLANG_WARN_UNREACHABLE_CODE = YES;
				CLANG_WARN__DUPLICATE_METHOD_MATCH = YES;
				CODE_SIGN_IDENTITY = "iPhone Developer";
				COPY_PHASE_STRIP = NO;
				DEBUG_INFORMATION_FORMAT = "dwarf-with-dsym";
				ENABLE_NS_ASSERTIONS = NO;
				ENABLE_STRICT_OBJC_MSGSEND = YES;
				GCC_C_LANGUAGE_STANDARD = gnu11;
				GCC_NO_COMMON_BLOCKS = YES;
				GCC_WARN_64_TO_32_BIT_CONVERSION = YES;
				GCC_WARN_ABOUT_RETURN_TYPE = YES_ERROR;
				GCC_WARN_UNDECLARED_SELECTOR = YES;
				GCC_WARN_UNINITIALIZED_AUTOS = YES_AGGRESSIVE;
				GCC_WARN_UNUSED_FUNCTION = YES;
				GCC_WARN_UNUSED_VARIABLE = YES;
				IPHONEOS_DEPLOYMENT_TARGET = 12.1;
				MTL_ENABLE_DEBUG_INFO = NO;
				MTL_FAST_MATH = YES;
				SDKROOT = iphoneos;
				SWIFT_COMPILATION_MODE = wholemodule;
				SWIFT_OPTIMIZATION_LEVEL = "-O";
				VALIDATE_PRODUCT = YES;
			};
			name = Release;
		};
		8A669FD1223D3D3D005423EB /* Debug */ = {
			isa = XCBuildConfiguration;
			buildSettings = {
				ASSETCATALOG_COMPILER_APPICON_NAME = AppIcon;
				CODE_SIGN_STYLE = Automatic;
				DEVELOPMENT_TEAM = HH9AF9DGX8;
				INFOPLIST_FILE = Euro_Coins_Hunter/Info.plist;
				IPHONEOS_DEPLOYMENT_TARGET = 12.0;
				LD_RUNPATH_SEARCH_PATHS = (
					"$(inherited)",
					"@executable_path/Frameworks",
				);
				PRODUCT_BUNDLE_IDENTIFIER = "home.Euro-Coins-Hunter";
				PRODUCT_NAME = "$(TARGET_NAME)";
				SWIFT_VERSION = 4.2;
				TARGETED_DEVICE_FAMILY = "1,2";
			};
			name = Debug;
		};
		8A669FD2223D3D3D005423EB /* Release */ = {
			isa = XCBuildConfiguration;
			buildSettings = {
				ASSETCATALOG_COMPILER_APPICON_NAME = AppIcon;
				CODE_SIGN_STYLE = Automatic;
				DEVELOPMENT_TEAM = HH9AF9DGX8;
				INFOPLIST_FILE = Euro_Coins_Hunter/Info.plist;
				IPHONEOS_DEPLOYMENT_TARGET = 12.0;
				LD_RUNPATH_SEARCH_PATHS = (
					"$(inherited)",
					"@executable_path/Frameworks",
				);
				PRODUCT_BUNDLE_IDENTIFIER = "home.Euro-Coins-Hunter";
				PRODUCT_NAME = "$(TARGET_NAME)";
				SWIFT_VERSION = 4.2;
				TARGETED_DEVICE_FAMILY = "1,2";
			};
			name = Release;
		};
/* End XCBuildConfiguration section */

/* Begin XCConfigurationList section */
		8A669FB9223D3D3A005423EB /* Build configuration list for PBXProject "Euro_Coins_Hunter" */ = {
			isa = XCConfigurationList;
			buildConfigurations = (
				8A669FCE223D3D3D005423EB /* Debug */,
				8A669FCF223D3D3D005423EB /* Release */,
			);
			defaultConfigurationIsVisible = 0;
			defaultConfigurationName = Release;
		};
		8A669FD0223D3D3D005423EB /* Build configuration list for PBXNativeTarget "Euro_Coins_Hunter" */ = {
			isa = XCConfigurationList;
			buildConfigurations = (
				8A669FD1223D3D3D005423EB /* Debug */,
				8A669FD2223D3D3D005423EB /* Release */,
			);
			defaultConfigurationIsVisible = 0;
			defaultConfigurationName = Release;
		};
/* End XCConfigurationList section */
	};
	rootObject = 8A669FB6223D3D3A005423EB /* Project object */;
}
